
Microsoft Visual Studio Solution File, Format Version 12.00
# Visual Studio 2012
Project("{2150E333-8FDC-42A3-9474-1A3956D46DE8}") = "Portal", "Portal", "{E4151426-8617-42C4-9587-7314A1F1A2BD}"
EndProject
Project("{2150E333-8FDC-42A3-9474-1A3956D46DE8}") = "Shared", "Shared", "{54937A62-7FD1-4383-8492-03DE98FF4117}"
EndProject
Project("{FAE04EC0-301F-11D3-BF4B-00C04F79EFBC}") = "Portal", "Portal\Portal.csproj", "{F90E6A60-293C-436D-9E96-29B34762C8C7}"
	ProjectSection(ProjectDependencies) = postProject
		{CAC71A72-E072-4CE1-BDA2-8EFE1FB49081} = {CAC71A72-E072-4CE1-BDA2-8EFE1FB49081}
	EndProjectSection
EndProject
Project("{2150E333-8FDC-42A3-9474-1A3956D46DE8}") = "Services", "Services", "{F2CD54FA-FF60-44DF-898E-D0383632D57C}"
EndProject
Project("{2150E333-8FDC-42A3-9474-1A3956D46DE8}") = "CMS", "CMS", "{4B7D1B52-482A-4612-AA21-328EF7B90E37}"
EndProject
Project("{2150E333-8FDC-42A3-9474-1A3956D46DE8}") = "Utilities", "Utilities", "{ED31DD3E-AD4E-4B05-BEB8-9ED21AB9FCAB}"
EndProject
Project("{FAE04EC0-301F-11D3-BF4B-00C04F79EFBC}") = "RfqWebService", "RfqWebService\RfqWebService.csproj", "{9F7CDBBC-08A2-42F8-A610-F111942373C7}"
EndProject
Project("{FAE04EC0-301F-11D3-BF4B-00C04F79EFBC}") = "ToolsWebService", "ToolsWebService\ToolsWebService.csproj", "{CAC71A72-E072-4CE1-BDA2-8EFE1FB49081}"
EndProject
Project("{FAE04EC0-301F-11D3-BF4B-00C04F79EFBC}") = "Domain", "Domain\Domain.csproj", "{869DCD53-752D-4A63-94EF-0538DCC0C689}"
EndProject
Global
	GlobalSection(SolutionConfigurationPlatforms) = preSolution
		Debug|Any CPU = Debug|Any CPU
		Release|Any CPU = Release|Any CPU
	EndGlobalSection
	GlobalSection(ProjectConfigurationPlatforms) = postSolution
		{F90E6A60-293C-436D-9E96-29B34762C8C7}.Debug|Any CPU.ActiveCfg = Debug|Any CPU
		{F90E6A60-293C-436D-9E96-29B34762C8C7}.Debug|Any CPU.Build.0 = Debug|Any CPU
		{F90E6A60-293C-436D-9E96-29B34762C8C7}.Release|Any CPU.ActiveCfg = Release|Any CPU
		{F90E6A60-293C-436D-9E96-29B34762C8C7}.Release|Any CPU.Build.0 = Release|Any CPU
		{9F7CDBBC-08A2-42F8-A610-F111942373C7}.Debug|Any CPU.ActiveCfg = Debug|Any CPU
		{9F7CDBBC-08A2-42F8-A610-F111942373C7}.Debug|Any CPU.Build.0 = Debug|Any CPU
		{9F7CDBBC-08A2-42F8-A610-F111942373C7}.Release|Any CPU.ActiveCfg = Release|Any CPU
		{9F7CDBBC-08A2-42F8-A610-F111942373C7}.Release|Any CPU.Build.0 = Release|Any CPU
		{CAC71A72-E072-4CE1-BDA2-8EFE1FB49081}.Debug|Any CPU.ActiveCfg = Debug|Any CPU
		{CAC71A72-E072-4CE1-BDA2-8EFE1FB49081}.Debug|Any CPU.Build.0 = Debug|Any CPU
		{CAC71A72-E072-4CE1-BDA2-8EFE1FB49081}.Release|Any CPU.ActiveCfg = Release|Any CPU
		{CAC71A72-E072-4CE1-BDA2-8EFE1FB49081}.Release|Any CPU.Build.0 = Release|Any CPU
		{869DCD53-752D-4A63-94EF-0538DCC0C689}.Debug|Any CPU.ActiveCfg = Debug|Any CPU
		{869DCD53-752D-4A63-94EF-0538DCC0C689}.Debug|Any CPU.Build.0 = Debug|Any CPU
		{869DCD53-752D-4A63-94EF-0538DCC0C689}.Release|Any CPU.ActiveCfg = Release|Any CPU
		{869DCD53-752D-4A63-94EF-0538DCC0C689}.Release|Any CPU.Build.0 = Release|Any CPU
	EndGlobalSection
	GlobalSection(SolutionProperties) = preSolution
		HideSolutionNode = FALSE
	EndGlobalSection
	GlobalSection(NestedProjects) = preSolution
		{F90E6A60-293C-436D-9E96-29B34762C8C7} = {E4151426-8617-42C4-9587-7314A1F1A2BD}
		{F2CD54FA-FF60-44DF-898E-D0383632D57C} = {54937A62-7FD1-4383-8492-03DE98FF4117}
		{869DCD53-752D-4A63-94EF-0538DCC0C689} = {54937A62-7FD1-4383-8492-03DE98FF4117}
		{4B7D1B52-482A-4612-AA21-328EF7B90E37} = {F2CD54FA-FF60-44DF-898E-D0383632D57C}
		{ED31DD3E-AD4E-4B05-BEB8-9ED21AB9FCAB} = {F2CD54FA-FF60-44DF-898E-D0383632D57C}
		{9F7CDBBC-08A2-42F8-A610-F111942373C7} = {4B7D1B52-482A-4612-AA21-328EF7B90E37}
		{CAC71A72-E072-4CE1-BDA2-8EFE1FB49081} = {ED31DD3E-AD4E-4B05-BEB8-9ED21AB9FCAB}
	EndGlobalSection
EndGlobal
